// !$*UTF8*$!
{
	archiveVersion = 1;
	classes = {
	};
	objectVersion = 50;
	objects = {

/* Begin PBXBuildFile section */
		F4180619268C7DD700DBFE6F /* main.swift in Sources */ = {isa = PBXBuildFile; fileRef = F4180618268C7DD700DBFE6F /* main.swift */; };
		F4180620268C7E2800DBFE6F /* LWWElement.swift in Sources */ = {isa = PBXBuildFile; fileRef = F418061F268C7E2800DBFE6F /* LWWElement.swift */; };
		F4180643268CA98F00DBFE6F /* LWWGraph.swift in Sources */ = {isa = PBXBuildFile; fileRef = F4180642268CA98F00DBFE6F /* LWWGraph.swift */; };
		F495E4E2268F463E00EAB9F3 /* LWWElementTests.swift in Sources */ = {isa = PBXBuildFile; fileRef = F495E4E1268F463E00EAB9F3 /* LWWElementTests.swift */; };
		F495E4E4268F496F00EAB9F3 /* LWWGraphTests.swift in Sources */ = {isa = PBXBuildFile; fileRef = F495E4E3268F496F00EAB9F3 /* LWWGraphTests.swift */; };
/* End PBXBuildFile section */

/* Begin PBXCopyFilesBuildPhase section */
		F4180613268C7DD700DBFE6F /* CopyFiles */ = {
			isa = PBXCopyFilesBuildPhase;
			buildActionMask = 2147483647;
			dstPath = /usr/share/man/man1/;
			dstSubfolderSpec = 0;
			files = (
			);
			runOnlyForDeploymentPostprocessing = 1;
		};
/* End PBXCopyFilesBuildPhase section */

/* Begin PBXFileReference section */
		F4180615268C7DD700DBFE6F /* LWWElementGraph */ = {isa = PBXFileReference; explicitFileType = "compiled.mach-o.executable"; includeInIndex = 0; path = LWWElementGraph; sourceTree = BUILT_PRODUCTS_DIR; };
		F4180618268C7DD700DBFE6F /* main.swift */ = {isa = PBXFileReference; lastKnownFileType = sourcecode.swift; path = main.swift; sourceTree = "<group>"; };
		F418061F268C7E2800DBFE6F /* LWWElement.swift */ = {isa = PBXFileReference; lastKnownFileType = sourcecode.swift; path = LWWElement.swift; sourceTree = "<group>"; };
		F4180635268C811A00DBFE6F /* LWWElementGraphTests copy-Info.plist */ = {isa = PBXFileReference; lastKnownFileType = text.plist.xml; name = "LWWElementGraphTests copy-Info.plist"; path = "/Users/arashz.jahangiri/Desktop/LWW-Graph/LWWElementGraph/LWWElementGraphTests copy-Info.plist"; sourceTree = "<absolute>"; };
		F418063A268C82B000DBFE6F /* LWWElementGraphTests.xctest */ = {isa = PBXFileReference; explicitFileType = wrapper.cfbundle; includeInIndex = 0; path = LWWElementGraphTests.xctest; sourceTree = BUILT_PRODUCTS_DIR; };
		F4180642268CA98F00DBFE6F /* LWWGraph.swift */ = {isa = PBXFileReference; lastKnownFileType = sourcecode.swift; path = LWWGraph.swift; sourceTree = "<group>"; };
		F495E4E1268F463E00EAB9F3 /* LWWElementTests.swift */ = {isa = PBXFileReference; lastKnownFileType = sourcecode.swift; path = LWWElementTests.swift; sourceTree = "<group>"; };
		F495E4E3268F496F00EAB9F3 /* LWWGraphTests.swift */ = {isa = PBXFileReference; lastKnownFileType = sourcecode.swift; path = LWWGraphTests.swift; sourceTree = "<group>"; };
/* End PBXFileReference section */

/* Begin PBXFrameworksBuildPhase section */
		F4180612268C7DD700DBFE6F /* Frameworks */ = {
			isa = PBXFrameworksBuildPhase;
			buildActionMask = 2147483647;
			files = (
			);
			runOnlyForDeploymentPostprocessing = 0;
		};
		F4180637268C82B000DBFE6F /* Frameworks */ = {
			isa = PBXFrameworksBuildPhase;
			buildActionMask = 2147483647;
			files = (
			);
			runOnlyForDeploymentPostprocessing = 0;
		};
/* End PBXFrameworksBuildPhase section */

/* Begin PBXGroup section */
		F418060C268C7DD700DBFE6F = {
			isa = PBXGroup;
			children = (
				F4180617268C7DD700DBFE6F /* LWWElementGraph */,
				F4180616268C7DD700DBFE6F /* Products */,
				F4180635268C811A00DBFE6F /* LWWElementGraphTests copy-Info.plist */,
			);
			sourceTree = "<group>";
		};
		F4180616268C7DD700DBFE6F /* Products */ = {
			isa = PBXGroup;
			children = (
				F4180615268C7DD700DBFE6F /* LWWElementGraph */,
				F418063A268C82B000DBFE6F /* LWWElementGraphTests.xctest */,
			);
			name = Products;
			sourceTree = "<group>";
		};
		F4180617268C7DD700DBFE6F /* LWWElementGraph */ = {
			isa = PBXGroup;
			children = (
				F4180618268C7DD700DBFE6F /* main.swift */,
				F418061F268C7E2800DBFE6F /* LWWElement.swift */,
				F4180642268CA98F00DBFE6F /* LWWGraph.swift */,
				F495E4E1268F463E00EAB9F3 /* LWWElementTests.swift */,
				F495E4E3268F496F00EAB9F3 /* LWWGraphTests.swift */,
			);
			path = LWWElementGraph;
			sourceTree = "<group>";
		};
/* End PBXGroup section */

/* Begin PBXNativeTarget section */
		F4180614268C7DD700DBFE6F /* LWWElementGraph */ = {
			isa = PBXNativeTarget;
			buildConfigurationList = F418061C268C7DD700DBFE6F /* Build configuration list for PBXNativeTarget "LWWElementGraph" */;
			buildPhases = (
				F4180611268C7DD700DBFE6F /* Sources */,
				F4180612268C7DD700DBFE6F /* Frameworks */,
				F4180613268C7DD700DBFE6F /* CopyFiles */,
			);
			buildRules = (
			);
			dependencies = (
			);
			name = LWWElementGraph;
			productName = LWWElementGraph;
			productReference = F4180615268C7DD700DBFE6F /* LWWElementGraph */;
			productType = "com.apple.product-type.tool";
		};
		F4180639268C82B000DBFE6F /* LWWElementGraphTests */ = {
			isa = PBXNativeTarget;
			buildConfigurationList = F4180641268C82B000DBFE6F /* Build configuration list for PBXNativeTarget "LWWElementGraphTests" */;
			buildPhases = (
				F4180636268C82B000DBFE6F /* Sources */,
				F4180637268C82B000DBFE6F /* Frameworks */,
				F4180638268C82B000DBFE6F /* Resources */,
			);
			buildRules = (
			);
			dependencies = (
			);
			name = LWWElementGraphTests;
			productName = LWWElementGraphTests;
			productReference = F418063A268C82B000DBFE6F /* LWWElementGraphTests.xctest */;
			productType = "com.apple.product-type.bundle.unit-test";
		};
/* End PBXNativeTarget section */

/* Begin PBXProject section */
		F418060D268C7DD700DBFE6F /* Project object */ = {
			isa = PBXProject;
			attributes = {
				LastSwiftUpdateCheck = 1250;
				LastUpgradeCheck = 1250;
				TargetAttributes = {
					F4180614268C7DD700DBFE6F = {
						CreatedOnToolsVersion = 12.5;
					};
					F4180639268C82B000DBFE6F = {
						CreatedOnToolsVersion = 12.5;
					};
				};
			};
			buildConfigurationList = F4180610268C7DD700DBFE6F /* Build configuration list for PBXProject "LWWElementGraph" */;
			compatibilityVersion = "Xcode 9.3";
			developmentRegion = en;
			hasScannedForEncodings = 0;
			knownRegions = (
				en,
				Base,
			);
			mainGroup = F418060C268C7DD700DBFE6F;
			productRefGroup = F4180616268C7DD700DBFE6F /* Products */;
			projectDirPath = "";
			projectRoot = "";
			targets = (
				F4180614268C7DD700DBFE6F /* LWWElementGraph */,
				F4180639268C82B000DBFE6F /* LWWElementGraphTests */,
			);
		};
/* End PBXProject section */

/* Begin PBXResourcesBuildPhase section */
		F4180638268C82B000DBFE6F /* Resources */ = {
			isa = PBXResourcesBuildPhase;
			buildActionMask = 2147483647;
			files = (
			);
			runOnlyForDeploymentPostprocessing = 0;
		};
/* End PBXResourcesBuildPhase section */

/* Begin PBXSourcesBuildPhase section */
		F4180611268C7DD700DBFE6F /* Sources */ = {
			isa = PBXSourcesBuildPhase;
			buildActionMask = 2147483647;
			files = (
				F4180619268C7DD700DBFE6F /* main.swift in Sources */,
				F4180643268CA98F00DBFE6F /* LWWGraph.swift in Sources */,
				F495E4E4268F496F00EAB9F3 /* LWWGraphTests.swift in Sources */,
				F4180620268C7E2800DBFE6F /* LWWElement.swift in Sources */,
				F495E4E2268F463E00EAB9F3 /* LWWElementTests.swift in Sources */,
			);
			runOnlyForDeploymentPostprocessing = 0;
		};
		F4180636268C82B000DBFE6F /* Sources */ = {
			isa = PBXSourcesBuildPhase;
			buildActionMask = 2147483647;
			files = (
			);
			runOnlyForDeploymentPostprocessing = 0;
		};
/* End PBXSourcesBuildPhase section */

/* Begin XCBuildConfiguration section */
		F418061A268C7DD700DBFE6F /* Debug */ = {
			isa = XCBuildConfiguration;
			buildSettings = {
				ALWAYS_SEARCH_USER_PATHS = NO;
				CLANG_ANALYZER_NONNULL = YES;
				CLANG_ANALYZER_NUMBER_OBJECT_CONVERSION = YES_AGGRESSIVE;
				CLANG_CXX_LANGUAGE_STANDARD = "gnu++14";
				CLANG_CXX_LIBRARY = "libc++";
				CLANG_ENABLE_MODULES = YES;
				CLANG_ENABLE_OBJC_ARC = YES;
				CLANG_ENABLE_OBJC_WEAK = YES;
				CLANG_WARN_BLOCK_CAPTURE_AUTORELEASING = YES;
				CLANG_WARN_BOOL_CONVERSION = YES;
				CLANG_WARN_COMMA = YES;
				CLANG_WARN_CONSTANT_CONVERSION = YES;
				CLANG_WARN_DEPRECATED_OBJC_IMPLEMENTATIONS = YES;
				CLANG_WARN_DIRECT_OBJC_ISA_USAGE = YES_ERROR;
				CLANG_WARN_DOCUMENTATION_COMMENTS = YES;
				CLANG_WARN_EMPTY_BODY = YES;
				CLANG_WARN_ENUM_CONVERSION = YES;
				CLANG_WARN_INFINITE_RECURSION = YES;
				CLANG_WARN_INT_CONVERSION = YES;
				CLANG_WARN_NON_LITERAL_NULL_CONVERSION = YES;
				CLANG_WARN_OBJC_IMPLICIT_RETAIN_SELF = YES;
				CLANG_WARN_OBJC_LITERAL_CONVERSION = YES;
				CLANG_WARN_OBJC_ROOT_CLASS = YES_ERROR;
				CLANG_WARN_QUOTED_INCLUDE_IN_FRAMEWORK_HEADER = YES;
				CLANG_WARN_RANGE_LOOP_ANALYSIS = YES;
				CLANG_WARN_STRICT_PROTOTYPES = YES;
				CLANG_WARN_SUSPICIOUS_MOVE = YES;
				CLANG_WARN_UNGUARDED_AVAILABILITY = YES_AGGRESSIVE;
				CLANG_WARN_UNREACHABLE_CODE = YES;
				CLANG_WARN__DUPLICATE_METHOD_MATCH = YES;
				COPY_PHASE_STRIP = NO;
				DEBUG_INFORMATION_FORMAT = dwarf;
				ENABLE_STRICT_OBJC_MSGSEND = YES;
				ENABLE_TESTABILITY = YES;
				GCC_C_LANGUAGE_STANDARD = gnu11;
				GCC_DYNAMIC_NO_PIC = NO;
				GCC_NO_COMMON_BLOCKS = YES;
				GCC_OPTIMIZATION_LEVEL = 0;
				GCC_PREPROCESSOR_DEFINITIONS = (
					"DEBUG=1",
					"$(inherited)",
				);
				GCC_WARN_64_TO_32_BIT_CONVERSION = YES;
				GCC_WARN_ABOUT_RETURN_TYPE = YES_ERROR;
				GCC_WARN_UNDECLARED_SELECTOR = YES;
				GCC_WARN_UNINITIALIZED_AUTOS = YES_AGGRESSIVE;
				GCC_WARN_UNUSED_FUNCTION = YES;
				GCC_WARN_UNUSED_VARIABLE = YES;
				MACOSX_DEPLOYMENT_TARGET = 11.3;
				MTL_ENABLE_DEBUG_INFO = INCLUDE_SOURCE;
				MTL_FAST_MATH = YES;
				ONLY_ACTIVE_ARCH = YES;
				SDKROOT = macosx;
				SWIFT_ACTIVE_COMPILATION_CONDITIONS = DEBUG;
				SWIFT_OPTIMIZATION_LEVEL = "-Onone";
			};
			name = Debug;
		};
		F418061B268C7DD700DBFE6F /* Release */ = {
			isa = XCBuildConfiguration;
			buildSettings = {
				ALWAYS_SEARCH_USER_PATHS = NO;
				CLANG_ANALYZER_NONNULL = YES;
				CLANG_ANALYZER_NUMBER_OBJECT_CONVERSION = YES_AGGRESSIVE;
				CLANG_CXX_LANGUAGE_STANDARD = "gnu++14";
				CLANG_CXX_LIBRARY = "libc++";
				CLANG_ENABLE_MODULES = YES;
				CLANG_ENABLE_OBJC_ARC = YES;
				CLANG_ENABLE_OBJC_WEAK = YES;
				CLANG_WARN_BLOCK_CAPTURE_AUTORELEASING = YES;
				CLANG_WARN_BOOL_CONVERSION = YES;
				CLANG_WARN_COMMA = YES;
				CLANG_WARN_CONSTANT_CONVERSION = YES;
				CLANG_WARN_DEPRECATED_OBJC_IMPLEMENTATIONS = YES;
				CLANG_WARN_DIRECT_OBJC_ISA_USAGE = YES_ERROR;
				CLANG_WARN_DOCUMENTATION_COMMENTS = YES;
				CLANG_WARN_EMPTY_BODY = YES;
				CLANG_WARN_ENUM_CONVERSION = YES;
				CLANG_WARN_INFINITE_RECURSION = YES;
				CLANG_WARN_INT_CONVERSION = YES;
				CLANG_WARN_NON_LITERAL_NULL_CONVERSION = YES;
				CLANG_WARN_OBJC_IMPLICIT_RETAIN_SELF = YES;
				CLANG_WARN_OBJC_LITERAL_CONVERSION = YES;
				CLANG_WARN_OBJC_ROOT_CLASS = YES_ERROR;
				CLANG_WARN_QUOTED_INCLUDE_IN_FRAMEWORK_HEADER = YES;
				CLANG_WARN_RANGE_LOOP_ANALYSIS = YES;
				CLANG_WARN_STRICT_PROTOTYPES = YES;
				CLANG_WARN_SUSPICIOUS_MOVE = YES;
				CLANG_WARN_UNGUARDED_AVAILABILITY = YES_AGGRESSIVE;
				CLANG_WARN_UNREACHABLE_CODE = YES;
				CLANG_WARN__DUPLICATE_METHOD_MATCH = YES;
				COPY_PHASE_STRIP = NO;
				DEBUG_INFORMATION_FORMAT = "dwarf-with-dsym";
				ENABLE_NS_ASSERTIONS = NO;
				ENABLE_STRICT_OBJC_MSGSEND = YES;
				GCC_C_LANGUAGE_STANDARD = gnu11;
				GCC_NO_COMMON_BLOCKS = YES;
				GCC_WARN_64_TO_32_BIT_CONVERSION = YES;
				GCC_WARN_ABOUT_RETURN_TYPE = YES_ERROR;
				GCC_WARN_UNDECLARED_SELECTOR = YES;
				GCC_WARN_UNINITIALIZED_AUTOS = YES_AGGRESSIVE;
				GCC_WARN_UNUSED_FUNCTION = YES;
				GCC_WARN_UNUSED_VARIABLE = YES;
				MACOSX_DEPLOYMENT_TARGET = 11.3;
				MTL_ENABLE_DEBUG_INFO = NO;
				MTL_FAST_MATH = YES;
				SDKROOT = macosx;
				SWIFT_COMPILATION_MODE = wholemodule;
				SWIFT_OPTIMIZATION_LEVEL = "-O";
			};
			name = Release;
		};
		F418061D268C7DD700DBFE6F /* Debug */ = {
			isa = XCBuildConfiguration;
			buildSettings = {
				CODE_SIGN_STYLE = Automatic;
				DEVELOPMENT_TEAM = 4WZ6J7BW4P;
				ENABLE_HARDENED_RUNTIME = YES;
				PRODUCT_NAME = "$(TARGET_NAME)";
				SWIFT_VERSION = 5.0;
			};
			name = Debug;
		};
		F418061E268C7DD700DBFE6F /* Release */ = {
			isa = XCBuildConfiguration;
			buildSettings = {
				CODE_SIGN_STYLE = Automatic;
				DEVELOPMENT_TEAM = 4WZ6J7BW4P;
				ENABLE_HARDENED_RUNTIME = YES;
				PRODUCT_NAME = "$(TARGET_NAME)";
				SWIFT_VERSION = 5.0;
			};
			name = Release;
		};
		F418063F268C82B000DBFE6F /* Debug */ = {
			isa = XCBuildConfiguration;
			buildSettings = {
				CODE_SIGN_STYLE = Automatic;
				COMBINE_HIDPI_IMAGES = YES;
				DEVELOPMENT_TEAM = 4WZ6J7BW4P;
				INFOPLIST_FILE = LWWElementGraphTests/Info.plist;
				LD_RUNPATH_SEARCH_PATHS = (
					"$(inherited)",
					"@executable_path/../Frameworks",
					"@loader_path/../Frameworks",
				);
				PRODUCT_BUNDLE_IDENTIFIER = com.arash.LWW.LWWElementGraphTests;
				PRODUCT_NAME = "$(TARGET_NAME)";
				SWIFT_VERSION = 5.0;
			};
			name = Debug;
		};
		F4180640268C82B000DBFE6F /* Release */ = {
			isa = XCBuildConfiguration;
			buildSettings = {
				CODE_SIGN_STYLE = Automatic;
				COMBINE_HIDPI_IMAGES = YES;
				DEVELOPMENT_TEAM = 4WZ6J7BW4P;
				INFOPLIST_FILE = LWWElementGraphTests/Info.plist;
				LD_RUNPATH_SEARCH_PATHS = (
					"$(inherited)",
					"@executable_path/../Frameworks",
					"@loader_path/../Frameworks",
				);
				PRODUCT_BUNDLE_IDENTIFIER = com.arash.LWW.LWWElementGraphTests;
				PRODUCT_NAME = "$(TARGET_NAME)";
				SWIFT_VERSION = 5.0;
			};
			name = Release;
		};
/* End XCBuildConfiguration section */

/* Begin XCConfigurationList section */
		F4180610268C7DD700DBFE6F /* Build configuration list for PBXProject "LWWElementGraph" */ = {
			isa = XCConfigurationList;
			buildConfigurations = (
				F418061A268C7DD700DBFE6F /* Debug */,
				F418061B268C7DD700DBFE6F /* Release */,
			);
			defaultConfigurationIsVisible = 0;
			defaultConfigurationName = Release;
		};
		F418061C268C7DD700DBFE6F /* Build configuration list for PBXNativeTarget "LWWElementGraph" */ = {
			isa = XCConfigurationList;
			buildConfigurations = (
				F418061D268C7DD700DBFE6F /* Debug */,
				F418061E268C7DD700DBFE6F /* Release */,
			);
			defaultConfigurationIsVisible = 0;
			defaultConfigurationName = Release;
		};
		F4180641268C82B000DBFE6F /* Build configuration list for PBXNativeTarget "LWWElementGraphTests" */ = {
			isa = XCConfigurationList;
			buildConfigurations = (
				F418063F268C82B000DBFE6F /* Debug */,
				F4180640268C82B000DBFE6F /* Release */,
			);
			defaultConfigurationIsVisible = 0;
			defaultConfigurationName = Release;
		};
/* End XCConfigurationList section */
	};
	rootObject = F418060D268C7DD700DBFE6F /* Project object */;
}
